// !$*UTF8*$!
{
	archiveVersion = 1;
	classes = {
	};
	objectVersion = 50;
	objects = {

/* Begin PBXBuildFile section */
		C6950B0E2360C49400D450E7 /* AppDelegate.swift in Sources */ = {isa = PBXBuildFile; fileRef = C6950B0D2360C49400D450E7 /* AppDelegate.swift */; };
		C6950B102360C49400D450E7 /* SceneDelegate.swift in Sources */ = {isa = PBXBuildFile; fileRef = C6950B0F2360C49400D450E7 /* SceneDelegate.swift */; };
		C6950B122360C49400D450E7 /* ContentView.swift in Sources */ = {isa = PBXBuildFile; fileRef = C6950B112360C49400D450E7 /* ContentView.swift */; };
		C6950B142360C49500D450E7 /* Assets.xcassets in Resources */ = {isa = PBXBuildFile; fileRef = C6950B132360C49500D450E7 /* Assets.xcassets */; };
		C6950B172360C49500D450E7 /* Preview Assets.xcassets in Resources */ = {isa = PBXBuildFile; fileRef = C6950B162360C49500D450E7 /* Preview Assets.xcassets */; };
		C6950B1A2360C49500D450E7 /* LaunchScreen.storyboard in Resources */ = {isa = PBXBuildFile; fileRef = C6950B182360C49500D450E7 /* LaunchScreen.storyboard */; };
		C6950B222360C4FB00D450E7 /* DiceeModel.swift in Sources */ = {isa = PBXBuildFile; fileRef = C6950B212360C4FB00D450E7 /* DiceeModel.swift */; };
		C6950B242360C7C300D450E7 /* README.md in Resources */ = {isa = PBXBuildFile; fileRef = C6950B232360C7C200D450E7 /* README.md */; };
/* End PBXBuildFile section */

/* Begin PBXFileReference section */
		C6950B0A2360C49400D450E7 /* Dicee-SwiftUI-MVC.app */ = {isa = PBXFileReference; explicitFileType = wrapper.application; includeInIndex = 0; path = "Dicee-SwiftUI-MVC.app"; sourceTree = BUILT_PRODUCTS_DIR; };
		C6950B0D2360C49400D450E7 /* AppDelegate.swift */ = {isa = PBXFileReference; lastKnownFileType = sourcecode.swift; path = AppDelegate.swift; sourceTree = "<group>"; };
		C6950B0F2360C49400D450E7 /* SceneDelegate.swift */ = {isa = PBXFileReference; lastKnownFileType = sourcecode.swift; path = SceneDelegate.swift; sourceTree = "<group>"; };
		C6950B112360C49400D450E7 /* ContentView.swift */ = {isa = PBXFileReference; lastKnownFileType = sourcecode.swift; path = ContentView.swift; sourceTree = "<group>"; };
		C6950B132360C49500D450E7 /* Assets.xcassets */ = {isa = PBXFileReference; lastKnownFileType = folder.assetcatalog; path = Assets.xcassets; sourceTree = "<group>"; };
		C6950B162360C49500D450E7 /* Preview Assets.xcassets */ = {isa = PBXFileReference; lastKnownFileType = folder.assetcatalog; path = "Preview Assets.xcassets"; sourceTree = "<group>"; };
		C6950B192360C49500D450E7 /* Base */ = {isa = PBXFileReference; lastKnownFileType = file.storyboard; name = Base; path = Base.lproj/LaunchScreen.storyboard; sourceTree = "<group>"; };
		C6950B1B2360C49500D450E7 /* Info.plist */ = {isa = PBXFileReference; lastKnownFileType = text.plist.xml; path = Info.plist; sourceTree = "<group>"; };
		C6950B212360C4FB00D450E7 /* DiceeModel.swift */ = {isa = PBXFileReference; lastKnownFileType = sourcecode.swift; path = DiceeModel.swift; sourceTree = "<group>"; };
		C6950B232360C7C200D450E7 /* README.md */ = {isa = PBXFileReference; fileEncoding = 4; lastKnownFileType = net.daringfireball.markdown; path = README.md; sourceTree = SOURCE_ROOT; };
/* End PBXFileReference section */

/* Begin PBXFrameworksBuildPhase section */
		C6950B072360C49400D450E7 /* Frameworks */ = {
			isa = PBXFrameworksBuildPhase;
			buildActionMask = 2147483647;
			files = (
			);
			runOnlyForDeploymentPostprocessing = 0;
		};
/* End PBXFrameworksBuildPhase section */

/* Begin PBXGroup section */
		C6950B012360C49400D450E7 = {
			isa = PBXGroup;
			children = (
				C6950B232360C7C200D450E7 /* README.md */,
				C6950B0C2360C49400D450E7 /* Dicee-SwiftUI-MVC */,
				C6950B0B2360C49400D450E7 /* Products */,
			);
			sourceTree = "<group>";
		};
		C6950B0B2360C49400D450E7 /* Products */ = {
			isa = PBXGroup;
			children = (
				C6950B0A2360C49400D450E7 /* Dicee-SwiftUI-MVC.app */,
			);
			name = Products;
			sourceTree = "<group>";
		};
		C6950B0C2360C49400D450E7 /* Dicee-SwiftUI-MVC */ = {
			isa = PBXGroup;
			children = (
				C6950B0D2360C49400D450E7 /* AppDelegate.swift */,
				C6950B0F2360C49400D450E7 /* SceneDelegate.swift */,
				C6950B112360C49400D450E7 /* ContentView.swift */,
				C6950B132360C49500D450E7 /* Assets.xcassets */,
				C6950B182360C49500D450E7 /* LaunchScreen.storyboard */,
				C6950B1B2360C49500D450E7 /* Info.plist */,
				C6950B152360C49500D450E7 /* Preview Content */,
				C6950B212360C4FB00D450E7 /* DiceeModel.swift */,
			);
			path = "Dicee-SwiftUI-MVC";
			sourceTree = "<group>";
		};
		C6950B152360C49500D450E7 /* Preview Content */ = {
			isa = PBXGroup;
			children = (
				C6950B162360C49500D450E7 /* Preview Assets.xcassets */,
			);
			path = "Preview Content";
			sourceTree = "<group>";
		};
/* End PBXGroup section */

/* Begin PBXNativeTarget section */
		C6950B092360C49400D450E7 /* Dicee-SwiftUI-MVC */ = {
			isa = PBXNativeTarget;
			buildConfigurationList = C6950B1E2360C49500D450E7 /* Build configuration list for PBXNativeTarget "Dicee-SwiftUI-MVC" */;
			buildPhases = (
				C6950B062360C49400D450E7 /* Sources */,
				C6950B072360C49400D450E7 /* Frameworks */,
				C6950B082360C49400D450E7 /* Resources */,
			);
			buildRules = (
			);
			dependencies = (
			);
			name = "Dicee-SwiftUI-MVC";
			productName = "Dicee-SwiftUI-MVC";
			productReference = C6950B0A2360C49400D450E7 /* Dicee-SwiftUI-MVC.app */;
			productType = "com.apple.product-type.application";
		};
/* End PBXNativeTarget section */

/* Begin PBXProject section */
		C6950B022360C49400D450E7 /* Project object */ = {
			isa = PBXProject;
			attributes = {
				LastSwiftUpdateCheck = 1120;
				LastUpgradeCheck = 1120;
				ORGANIZATIONNAME = "Michael Shulman";
				TargetAttributes = {
					C6950B092360C49400D450E7 = {
						CreatedOnToolsVersion = 11.2;
					};
				};
			};
			buildConfigurationList = C6950B052360C49400D450E7 /* Build configuration list for PBXProject "Dicee-SwiftUI-MVC" */;
			compatibilityVersion = "Xcode 9.3";
			developmentRegion = en;
			hasScannedForEncodings = 0;
			knownRegions = (
				en,
				Base,
			);
			mainGroup = C6950B012360C49400D450E7;
			productRefGroup = C6950B0B2360C49400D450E7 /* Products */;
			projectDirPath = "";
			projectRoot = "";
			targets = (
				C6950B092360C49400D450E7 /* Dicee-SwiftUI-MVC */,
			);
		};
/* End PBXProject section */

/* Begin PBXResourcesBuildPhase section */
		C6950B082360C49400D450E7 /* Resources */ = {
			isa = PBXResourcesBuildPhase;
			buildActionMask = 2147483647;
			files = (
				C6950B1A2360C49500D450E7 /* LaunchScreen.storyboard in Resources */,
				C6950B172360C49500D450E7 /* Preview Assets.xcassets in Resources */,
				C6950B242360C7C300D450E7 /* README.md in Resources */,
				C6950B142360C49500D450E7 /* Assets.xcassets in Resources */,
			);
			runOnlyForDeploymentPostprocessing = 0;
		};
/* End PBXResourcesBuildPhase section */

/* Begin PBXSourcesBuildPhase section */
		C6950B062360C49400D450E7 /* Sources */ = {
			isa = PBXSourcesBuildPhase;
			buildActionMask = 2147483647;
			files = (
				C6950B0E2360C49400D450E7 /* AppDelegate.swift in Sources */,
				C6950B102360C49400D450E7 /* SceneDelegate.swift in Sources */,
				C6950B222360C4FB00D450E7 /* DiceeModel.swift in Sources */,
				C6950B122360C49400D450E7 /* ContentView.swift in Sources */,
			);
			runOnlyForDeploymentPostprocessing = 0;
		};
/* End PBXSourcesBuildPhase section */

/* Begin PBXVariantGroup section */
		C6950B182360C49500D450E7 /* LaunchScreen.storyboard */ = {
			isa = PBXVariantGroup;
			children = (
				C6950B192360C49500D450E7 /* Base */,
			);
			name = LaunchScreen.storyboard;
			sourceTree = "<group>";
		};
/* End PBXVariantGroup section */

/* Begin XCBuildConfiguration section */
		C6950B1C2360C49500D450E7 /* Debug */ = {
			isa = XCBuildConfiguration;
			buildSettings = {
				ALWAYS_SEARCH_USER_PATHS = NO;
				CLANG_ANALYZER_NONNULL = YES;
				CLANG_ANALYZER_NUMBER_OBJECT_CONVERSION = YES_AGGRESSIVE;
				CLANG_CXX_LANGUAGE_STANDARD = "gnu++14";
				CLANG_CXX_LIBRARY = "libc++";
				CLANG_ENABLE_MODULES = YES;
				CLANG_ENABLE_OBJC_ARC = YES;
				CLANG_ENABLE_OBJC_WEAK = YES;
				CLANG_WARN_BLOCK_CAPTURE_AUTORELEASING = YES;
				CLANG_WARN_BOOL_CONVERSION = YES;
				CLANG_WARN_COMMA = YES;
				CLANG_WARN_CONSTANT_CONVERSION = YES;
				CLANG_WARN_DEPRECATED_OBJC_IMPLEMENTATIONS = YES;
				CLANG_WARN_DIRECT_OBJC_ISA_USAGE = YES_ERROR;
				CLANG_WARN_DOCUMENTATION_COMMENTS = YES;
				CLANG_WARN_EMPTY_BODY = YES;
				CLANG_WARN_ENUM_CONVERSION = YES;
				CLANG_WARN_INFINITE_RECURSION = YES;
				CLANG_WARN_INT_CONVERSION = YES;
				CLANG_WARN_NON_LITERAL_NULL_CONVERSION = YES;
				CLANG_WARN_OBJC_IMPLICIT_RETAIN_SELF = YES;
				CLANG_WARN_OBJC_LITERAL_CONVERSION = YES;
				CLANG_WARN_OBJC_ROOT_CLASS = YES_ERROR;
				CLANG_WARN_RANGE_LOOP_ANALYSIS = YES;
				CLANG_WARN_STRICT_PROTOTYPES = YES;
				CLANG_WARN_SUSPICIOUS_MOVE = YES;
				CLANG_WARN_UNGUARDED_AVAILABILITY = YES_AGGRESSIVE;
				CLANG_WARN_UNREACHABLE_CODE = YES;
				CLANG_WARN__DUPLICATE_METHOD_MATCH = YES;
				COPY_PHASE_STRIP = NO;
				DEBUG_INFORMATION_FORMAT = dwarf;
				ENABLE_STRICT_OBJC_MSGSEND = YES;
				ENABLE_TESTABILITY = YES;
				GCC_C_LANGUAGE_STANDARD = gnu11;
				GCC_DYNAMIC_NO_PIC = NO;
				GCC_NO_COMMON_BLOCKS = YES;
				GCC_OPTIMIZATION_LEVEL = 0;
				GCC_PREPROCESSOR_DEFINITIONS = (
					"DEBUG=1",
					"$(inherited)",
				);
				GCC_WARN_64_TO_32_BIT_CONVERSION = YES;
				GCC_WARN_ABOUT_RETURN_TYPE = YES_ERROR;
				GCC_WARN_UNDECLARED_SELECTOR = YES;
				GCC_WARN_UNINITIALIZED_AUTOS = YES_AGGRESSIVE;
				GCC_WARN_UNUSED_FUNCTION = YES;
				GCC_WARN_UNUSED_VARIABLE = YES;
				IPHONEOS_DEPLOYMENT_TARGET = 13.2;
				MTL_ENABLE_DEBUG_INFO = INCLUDE_SOURCE;
				MTL_FAST_MATH = YES;
				ONLY_ACTIVE_ARCH = YES;
				SDKROOT = iphoneos;
				SWIFT_ACTIVE_COMPILATION_CONDITIONS = DEBUG;
				SWIFT_OPTIMIZATION_LEVEL = "-Onone";
			};
			name = Debug;
		};
		C6950B1D2360C49500D450E7 /* Release */ = {
			isa = XCBuildConfiguration;
			buildSettings = {
				ALWAYS_SEARCH_USER_PATHS = NO;
				CLANG_ANALYZER_NONNULL = YES;
				CLANG_ANALYZER_NUMBER_OBJECT_CONVERSION = YES_AGGRESSIVE;
				CLANG_CXX_LANGUAGE_STANDARD = "gnu++14";
				CLANG_CXX_LIBRARY = "libc++";
				CLANG_ENABLE_MODULES = YES;
				CLANG_ENABLE_OBJC_ARC = YES;
				CLANG_ENABLE_OBJC_WEAK = YES;
				CLANG_WARN_BLOCK_CAPTURE_AUTORELEASING = YES;
				CLANG_WARN_BOOL_CONVERSION = YES;
				CLANG_WARN_COMMA = YES;
				CLANG_WARN_CONSTANT_CONVERSION = YES;
				CLANG_WARN_DEPRECATED_OBJC_IMPLEMENTATIONS = YES;
				CLANG_WARN_DIRECT_OBJC_ISA_USAGE = YES_ERROR;
				CLANG_WARN_DOCUMENTATION_COMMENTS = YES;
				CLANG_WARN_EMPTY_BODY = YES;
				CLANG_WARN_ENUM_CONVERSION = YES;
				CLANG_WARN_INFINITE_RECURSION = YES;
				CLANG_WARN_INT_CONVERSION = YES;
				CLANG_WARN_NON_LITERAL_NULL_CONVERSION = YES;
				CLANG_WARN_OBJC_IMPLICIT_RETAIN_SELF = YES;
				CLANG_WARN_OBJC_LITERAL_CONVERSION = YES;
				CLANG_WARN_OBJC_ROOT_CLASS = YES_ERROR;
				CLANG_WARN_RANGE_LOOP_ANALYSIS = YES;
				CLANG_WARN_STRICT_PROTOTYPES = YES;
				CLANG_WARN_SUSPICIOUS_MOVE = YES;
				CLANG_WARN_UNGUARDED_AVAILABILITY = YES_AGGRESSIVE;
				CLANG_WARN_UNREACHABLE_CODE = YES;
				CLANG_WARN__DUPLICATE_METHOD_MATCH = YES;
				COPY_PHASE_STRIP = NO;
				DEBUG_INFORMATION_FORMAT = "dwarf-with-dsym";
				ENABLE_NS_ASSERTIONS = NO;
				ENABLE_STRICT_OBJC_MSGSEND = YES;
				GCC_C_LANGUAGE_STANDARD = gnu11;
				GCC_NO_COMMON_BLOCKS = YES;
				GCC_WARN_64_TO_32_BIT_CONVERSION = YES;
				GCC_WARN_ABOUT_RETURN_TYPE = YES_ERROR;
				GCC_WARN_UNDECLARED_SELECTOR = YES;
				GCC_WARN_UNINITIALIZED_AUTOS = YES_AGGRESSIVE;
				GCC_WARN_UNUSED_FUNCTION = YES;
				GCC_WARN_UNUSED_VARIABLE = YES;
				IPHONEOS_DEPLOYMENT_TARGET = 13.2;
				MTL_ENABLE_DEBUG_INFO = NO;
				MTL_FAST_MATH = YES;
				SDKROOT = iphoneos;
				SWIFT_COMPILATION_MODE = wholemodule;
				SWIFT_OPTIMIZATION_LEVEL = "-O";
				VALIDATE_PRODUCT = YES;
			};
			name = Release;
		};
		C6950B1F2360C49500D450E7 /* Debug */ = {
			isa = XCBuildConfiguration;
			buildSettings = {
				ASSETCATALOG_COMPILER_APPICON_NAME = AppIcon;
				CODE_SIGN_STYLE = Automatic;
				DEVELOPMENT_ASSET_PATHS = "\"Dicee-SwiftUI-MVC/Preview Content\"";
				DEVELOPMENT_TEAM = 47J59QYX9S;
				ENABLE_PREVIEWS = YES;
				INFOPLIST_FILE = "Dicee-SwiftUI-MVC/Info.plist";
				LD_RUNPATH_SEARCH_PATHS = (
					"$(inherited)",
					"@executable_path/Frameworks",
				);
				PRODUCT_BUNDLE_IDENTIFIER = "com.hotmail.michael.shulman.Dicee-SwiftUI-MVC";
				PRODUCT_NAME = "$(TARGET_NAME)";
				SWIFT_VERSION = 5.0;
				TARGETED_DEVICE_FAMILY = "1,2";
			};
			name = Debug;
		};
		C6950B202360C49500D450E7 /* Release */ = {
			isa = XCBuildConfiguration;
			buildSettings = {
				ASSETCATALOG_COMPILER_APPICON_NAME = AppIcon;
				CODE_SIGN_STYLE = Automatic;
				DEVELOPMENT_ASSET_PATHS = "\"Dicee-SwiftUI-MVC/Preview Content\"";
				DEVELOPMENT_TEAM = 47J59QYX9S;
				ENABLE_PREVIEWS = YES;
				INFOPLIST_FILE = "Dicee-SwiftUI-MVC/Info.plist";
				LD_RUNPATH_SEARCH_PATHS = (
					"$(inherited)",
					"@executable_path/Frameworks",
				);
				PRODUCT_BUNDLE_IDENTIFIER = "com.hotmail.michael.shulman.Dicee-SwiftUI-MVC";
				PRODUCT_NAME = "$(TARGET_NAME)";
				SWIFT_VERSION = 5.0;
				TARGETED_DEVICE_FAMILY = "1,2";
			};
			name = Release;
		};
/* End XCBuildConfiguration section */

/* Begin XCConfigurationList section */
		C6950B052360C49400D450E7 /* Build configuration list for PBXProject "Dicee-SwiftUI-MVC" */ = {
			isa = XCConfigurationList;
			buildConfigurations = (
				C6950B1C2360C49500D450E7 /* Debug */,
				C6950B1D2360C49500D450E7 /* Release */,
			);
			defaultConfigurationIsVisible = 0;
			defaultConfigurationName = Release;
		};
		C6950B1E2360C49500D450E7 /* Build configuration list for PBXNativeTarget "Dicee-SwiftUI-MVC" */ = {
			isa = XCConfigurationList;
			buildConfigurations = (
				C6950B1F2360C49500D450E7 /* Debug */,
				C6950B202360C49500D450E7 /* Release */,
			);
			defaultConfigurationIsVisible = 0;
			defaultConfigurationName = Release;
		};
/* End XCConfigurationList section */
	};
	rootObject = C6950B022360C49400D450E7 /* Project object */;
}
